
Microsoft Visual Studio Solution File, Format Version 12.00
# Visual Studio 14
VisualStudioVersion = 14.0.24720.0
MinimumVisualStudioVersion = 10.0.40219.1
Project("{F2A71F9B-5D33-465A-A702-920D77279786}") = "99_fsharp_problems", "99_fsharp_problems\99_fsharp_problems.fsproj", "{E29EDD7F-660A-4728-91EE-AD6C713C7540}"
EndProject
Project("{2150E333-8FDC-42A3-9474-1A3956D46DE8}") = "Solution Items", "Solution Items", "{96C2E65A-CD31-4509-AFC1-3257426578BA}"
	ProjectSection(SolutionItems) = preProject
		paket.dependencies = paket.dependencies
		paket.lock = paket.lock
		paket.references = paket.references
	EndProjectSection
EndProject
Global
	GlobalSection(SolutionConfigurationPlatforms) = preSolution
		Debug|Any CPU = Debug|Any CPU
		Release|Any CPU = Release|Any CPU
	EndGlobalSection
	GlobalSection(ProjectConfigurationPlatforms) = postSolution
		{E29EDD7F-660A-4728-91EE-AD6C713C7540}.Debug|Any CPU.ActiveCfg = Debug|Any CPU
		{E29EDD7F-660A-4728-91EE-AD6C713C7540}.Debug|Any CPU.Build.0 = Debug|Any CPU
		{E29EDD7F-660A-4728-91EE-AD6C713C7540}.Release|Any CPU.ActiveCfg = Release|Any CPU
		{E29EDD7F-660A-4728-91EE-AD6C713C7540}.Release|Any CPU.Build.0 = Release|Any CPU
	EndGlobalSection
	GlobalSection(SolutionProperties) = preSolution
		HideSolutionNode = FALSE
	EndGlobalSection
EndGlobal
